// !$*UTF8*$!
{
	archiveVersion = 1;
	classes = {
	};
	objectVersion = 52;
	objects = {

/* Begin PBXBuildFile section */
		0DC83D05914E3E9B9F276563 /* Pods_AlamofireNetworking.framework in Frameworks */ = {isa = PBXBuildFile; fileRef = 9A938FCE22DEFB3931DB4136 /* Pods_AlamofireNetworking.framework */; };
		8D2C01F9254C5A6100F287ED /* Constants.swift in Sources */ = {isa = PBXBuildFile; fileRef = 8D2C01F8254C5A6100F287ED /* Constants.swift */; };
		8D2C01FD254C5D4A00F287ED /* BaseViewController.swift in Sources */ = {isa = PBXBuildFile; fileRef = 8D2C01FC254C5D4A00F287ED /* BaseViewController.swift */; };
		8D484CCB2548305A00A1AA8A /* AppDelegate.swift in Sources */ = {isa = PBXBuildFile; fileRef = 8D484CCA2548305A00A1AA8A /* AppDelegate.swift */; };
		8D484CCD2548305A00A1AA8A /* SceneDelegate.swift in Sources */ = {isa = PBXBuildFile; fileRef = 8D484CCC2548305A00A1AA8A /* SceneDelegate.swift */; };
		8D484CCF2548305A00A1AA8A /* HomeViewController.swift in Sources */ = {isa = PBXBuildFile; fileRef = 8D484CCE2548305A00A1AA8A /* HomeViewController.swift */; };
		8D484CD22548305A00A1AA8A /* Main.storyboard in Resources */ = {isa = PBXBuildFile; fileRef = 8D484CD02548305A00A1AA8A /* Main.storyboard */; };
		8D484CD42548305B00A1AA8A /* Assets.xcassets in Resources */ = {isa = PBXBuildFile; fileRef = 8D484CD32548305B00A1AA8A /* Assets.xcassets */; };
		8D484CD72548305B00A1AA8A /* LaunchScreen.storyboard in Resources */ = {isa = PBXBuildFile; fileRef = 8D484CD52548305B00A1AA8A /* LaunchScreen.storyboard */; };
		8D484CE12548311E00A1AA8A /* Alamofire in Frameworks */ = {isa = PBXBuildFile; productRef = 8D484CE02548311E00A1AA8A /* Alamofire */; };
		8DA6333E2550500C00E945D3 /* AlamofireManager.swift in Sources */ = {isa = PBXBuildFile; fileRef = 8DA6333D2550500C00E945D3 /* AlamofireManager.swift */; };
		8DA63341255050EA00E945D3 /* BaseInterceptor.swift in Sources */ = {isa = PBXBuildFile; fileRef = 8DA63340255050EA00E945D3 /* BaseInterceptor.swift */; };
		8DA633442550563000E945D3 /* Logger.swift in Sources */ = {isa = PBXBuildFile; fileRef = 8DA633432550563000E945D3 /* Logger.swift */; };
		8DA633472550590300E945D3 /* Router.swift in Sources */ = {isa = PBXBuildFile; fileRef = 8DA633462550590300E945D3 /* Router.swift */; };
		8DDF6A2A254C2DE000F9C89B /* UserListViewController.swift in Sources */ = {isa = PBXBuildFile; fileRef = 8DDF6A29254C2DE000F9C89B /* UserListViewController.swift */; };
		8DDF6A2E254C2DF100F9C89B /* PhotoCollectionViewController.swift in Sources */ = {isa = PBXBuildFile; fileRef = 8DDF6A2D254C2DF100F9C89B /* PhotoCollectionViewController.swift */; };
/* End PBXBuildFile section */

/* Begin PBXFileReference section */
		8D2C01F8254C5A6100F287ED /* Constants.swift */ = {isa = PBXFileReference; lastKnownFileType = sourcecode.swift; path = Constants.swift; sourceTree = "<group>"; };
		8D2C01FC254C5D4A00F287ED /* BaseViewController.swift */ = {isa = PBXFileReference; lastKnownFileType = sourcecode.swift; path = BaseViewController.swift; sourceTree = "<group>"; };
		8D484CC72548305A00A1AA8A /* AlamofireNetworking.app */ = {isa = PBXFileReference; explicitFileType = wrapper.application; includeInIndex = 0; path = AlamofireNetworking.app; sourceTree = BUILT_PRODUCTS_DIR; };
		8D484CCA2548305A00A1AA8A /* AppDelegate.swift */ = {isa = PBXFileReference; lastKnownFileType = sourcecode.swift; path = AppDelegate.swift; sourceTree = "<group>"; };
		8D484CCC2548305A00A1AA8A /* SceneDelegate.swift */ = {isa = PBXFileReference; lastKnownFileType = sourcecode.swift; path = SceneDelegate.swift; sourceTree = "<group>"; };
		8D484CCE2548305A00A1AA8A /* HomeViewController.swift */ = {isa = PBXFileReference; lastKnownFileType = sourcecode.swift; path = HomeViewController.swift; sourceTree = "<group>"; };
		8D484CD12548305A00A1AA8A /* Base */ = {isa = PBXFileReference; lastKnownFileType = file.storyboard; name = Base; path = Base.lproj/Main.storyboard; sourceTree = "<group>"; };
		8D484CD32548305B00A1AA8A /* Assets.xcassets */ = {isa = PBXFileReference; lastKnownFileType = folder.assetcatalog; path = Assets.xcassets; sourceTree = "<group>"; };
		8D484CD62548305B00A1AA8A /* Base */ = {isa = PBXFileReference; lastKnownFileType = file.storyboard; name = Base; path = Base.lproj/LaunchScreen.storyboard; sourceTree = "<group>"; };
		8D484CD82548305B00A1AA8A /* Info.plist */ = {isa = PBXFileReference; lastKnownFileType = text.plist.xml; path = Info.plist; sourceTree = "<group>"; };
		8DA6333D2550500C00E945D3 /* AlamofireManager.swift */ = {isa = PBXFileReference; lastKnownFileType = sourcecode.swift; path = AlamofireManager.swift; sourceTree = "<group>"; };
		8DA63340255050EA00E945D3 /* BaseInterceptor.swift */ = {isa = PBXFileReference; lastKnownFileType = sourcecode.swift; path = BaseInterceptor.swift; sourceTree = "<group>"; };
		8DA633432550563000E945D3 /* Logger.swift */ = {isa = PBXFileReference; lastKnownFileType = sourcecode.swift; path = Logger.swift; sourceTree = "<group>"; };
		8DA633462550590300E945D3 /* Router.swift */ = {isa = PBXFileReference; lastKnownFileType = sourcecode.swift; path = Router.swift; sourceTree = "<group>"; };
		8DDF6A29254C2DE000F9C89B /* UserListViewController.swift */ = {isa = PBXFileReference; lastKnownFileType = sourcecode.swift; path = UserListViewController.swift; sourceTree = "<group>"; };
		8DDF6A2D254C2DF100F9C89B /* PhotoCollectionViewController.swift */ = {isa = PBXFileReference; lastKnownFileType = sourcecode.swift; path = PhotoCollectionViewController.swift; sourceTree = "<group>"; };
		9A938FCE22DEFB3931DB4136 /* Pods_AlamofireNetworking.framework */ = {isa = PBXFileReference; explicitFileType = wrapper.framework; includeInIndex = 0; path = Pods_AlamofireNetworking.framework; sourceTree = BUILT_PRODUCTS_DIR; };
		B036D70CC9D045BF70B7A4B4 /* Pods-AlamofireNetworking.debug.xcconfig */ = {isa = PBXFileReference; includeInIndex = 1; lastKnownFileType = text.xcconfig; name = "Pods-AlamofireNetworking.debug.xcconfig"; path = "Target Support Files/Pods-AlamofireNetworking/Pods-AlamofireNetworking.debug.xcconfig"; sourceTree = "<group>"; };
		F9318D61E4C932F4C5F9FAD9 /* Pods-AlamofireNetworking.release.xcconfig */ = {isa = PBXFileReference; includeInIndex = 1; lastKnownFileType = text.xcconfig; name = "Pods-AlamofireNetworking.release.xcconfig"; path = "Target Support Files/Pods-AlamofireNetworking/Pods-AlamofireNetworking.release.xcconfig"; sourceTree = "<group>"; };
/* End PBXFileReference section */

/* Begin PBXFrameworksBuildPhase section */
		8D484CC42548305A00A1AA8A /* Frameworks */ = {
			isa = PBXFrameworksBuildPhase;
			buildActionMask = 2147483647;
			files = (
				8D484CE12548311E00A1AA8A /* Alamofire in Frameworks */,
				0DC83D05914E3E9B9F276563 /* Pods_AlamofireNetworking.framework in Frameworks */,
			);
			runOnlyForDeploymentPostprocessing = 0;
		};
/* End PBXFrameworksBuildPhase section */

/* Begin PBXGroup section */
		1873C59A218C4689857194EE /* Frameworks */ = {
			isa = PBXGroup;
			children = (
				9A938FCE22DEFB3931DB4136 /* Pods_AlamofireNetworking.framework */,
			);
			name = Frameworks;
			sourceTree = "<group>";
		};
		8D2C01EF254C369200F287ED /* Controller */ = {
			isa = PBXGroup;
			children = (
				8D484CCE2548305A00A1AA8A /* HomeViewController.swift */,
				8D2C01FC254C5D4A00F287ED /* BaseViewController.swift */,
				8DDF6A29254C2DE000F9C89B /* UserListViewController.swift */,
				8DDF6A2D254C2DF100F9C89B /* PhotoCollectionViewController.swift */,
			);
			path = Controller;
			sourceTree = "<group>";
		};
		8D2C01F7254C5A4B00F287ED /* Utils */ = {
			isa = PBXGroup;
			children = (
				8D2C01F8254C5A6100F287ED /* Constants.swift */,
			);
			path = Utils;
			sourceTree = "<group>";
		};
		8D484CBE2548305A00A1AA8A = {
			isa = PBXGroup;
			children = (
				8D484CC92548305A00A1AA8A /* AlamofireNetworking */,
				8D484CC82548305A00A1AA8A /* Products */,
				AE82F09E168DA3488C29DF51 /* Pods */,
				1873C59A218C4689857194EE /* Frameworks */,
			);
			sourceTree = "<group>";
		};
		8D484CC82548305A00A1AA8A /* Products */ = {
			isa = PBXGroup;
			children = (
				8D484CC72548305A00A1AA8A /* AlamofireNetworking.app */,
			);
			name = Products;
			sourceTree = "<group>";
		};
		8D484CC92548305A00A1AA8A /* AlamofireNetworking */ = {
			isa = PBXGroup;
			children = (
				8DA6333C25504FF500E945D3 /* API */,
				8D2C01F7254C5A4B00F287ED /* Utils */,
				8D484CD82548305B00A1AA8A /* Info.plist */,
				8D484CCA2548305A00A1AA8A /* AppDelegate.swift */,
				8D484CCC2548305A00A1AA8A /* SceneDelegate.swift */,
				8D484CD32548305B00A1AA8A /* Assets.xcassets */,
				8D2C01EF254C369200F287ED /* Controller */,
				8D484CD02548305A00A1AA8A /* Main.storyboard */,
				8D484CD52548305B00A1AA8A /* LaunchScreen.storyboard */,
			);
			path = AlamofireNetworking;
			sourceTree = "<group>";
		};
		8DA6333C25504FF500E945D3 /* API */ = {
			isa = PBXGroup;
			children = (
				8DA6333D2550500C00E945D3 /* AlamofireManager.swift */,
				8DA63340255050EA00E945D3 /* BaseInterceptor.swift */,
				8DA633432550563000E945D3 /* Logger.swift */,
				8DA633462550590300E945D3 /* Router.swift */,
			);
			path = API;
			sourceTree = "<group>";
		};
		AE82F09E168DA3488C29DF51 /* Pods */ = {
			isa = PBXGroup;
			children = (
				B036D70CC9D045BF70B7A4B4 /* Pods-AlamofireNetworking.debug.xcconfig */,
				F9318D61E4C932F4C5F9FAD9 /* Pods-AlamofireNetworking.release.xcconfig */,
			);
			path = Pods;
			sourceTree = "<group>";
		};
/* End PBXGroup section */

/* Begin PBXNativeTarget section */
		8D484CC62548305A00A1AA8A /* AlamofireNetworking */ = {
			isa = PBXNativeTarget;
			buildConfigurationList = 8D484CDB2548305B00A1AA8A /* Build configuration list for PBXNativeTarget "AlamofireNetworking" */;
			buildPhases = (
				CD3DF37F14C8D0E66EC027B9 /* [CP] Check Pods Manifest.lock */,
				8D484CC32548305A00A1AA8A /* Sources */,
				8D484CC42548305A00A1AA8A /* Frameworks */,
				8D484CC52548305A00A1AA8A /* Resources */,
				AED560FC1BBD4CD44C260272 /* [CP] Embed Pods Frameworks */,
			);
			buildRules = (
			);
			dependencies = (
			);
			name = AlamofireNetworking;
			packageProductDependencies = (
				8D484CE02548311E00A1AA8A /* Alamofire */,
			);
			productName = AlamofireNetworking;
			productReference = 8D484CC72548305A00A1AA8A /* AlamofireNetworking.app */;
			productType = "com.apple.product-type.application";
		};
/* End PBXNativeTarget section */

/* Begin PBXProject section */
		8D484CBF2548305A00A1AA8A /* Project object */ = {
			isa = PBXProject;
			attributes = {
				LastSwiftUpdateCheck = 1210;
				LastUpgradeCheck = 1210;
				TargetAttributes = {
					8D484CC62548305A00A1AA8A = {
						CreatedOnToolsVersion = 12.1;
					};
				};
			};
			buildConfigurationList = 8D484CC22548305A00A1AA8A /* Build configuration list for PBXProject "AlamofireNetworking" */;
			compatibilityVersion = "Xcode 9.3";
			developmentRegion = en;
			hasScannedForEncodings = 0;
			knownRegions = (
				en,
				Base,
			);
			mainGroup = 8D484CBE2548305A00A1AA8A;
			packageReferences = (
				8D484CDF2548311E00A1AA8A /* XCRemoteSwiftPackageReference "Alamofire" */,
			);
			productRefGroup = 8D484CC82548305A00A1AA8A /* Products */;
			projectDirPath = "";
			projectRoot = "";
			targets = (
				8D484CC62548305A00A1AA8A /* AlamofireNetworking */,
			);
		};
/* End PBXProject section */

/* Begin PBXResourcesBuildPhase section */
		8D484CC52548305A00A1AA8A /* Resources */ = {
			isa = PBXResourcesBuildPhase;
			buildActionMask = 2147483647;
			files = (
				8D484CD72548305B00A1AA8A /* LaunchScreen.storyboard in Resources */,
				8D484CD42548305B00A1AA8A /* Assets.xcassets in Resources */,
				8D484CD22548305A00A1AA8A /* Main.storyboard in Resources */,
			);
			runOnlyForDeploymentPostprocessing = 0;
		};
/* End PBXResourcesBuildPhase section */

/* Begin PBXShellScriptBuildPhase section */
		AED560FC1BBD4CD44C260272 /* [CP] Embed Pods Frameworks */ = {
			isa = PBXShellScriptBuildPhase;
			buildActionMask = 2147483647;
			files = (
			);
			inputFileListPaths = (
				"${PODS_ROOT}/Target Support Files/Pods-AlamofireNetworking/Pods-AlamofireNetworking-frameworks-${CONFIGURATION}-input-files.xcfilelist",
			);
			name = "[CP] Embed Pods Frameworks";
			outputFileListPaths = (
				"${PODS_ROOT}/Target Support Files/Pods-AlamofireNetworking/Pods-AlamofireNetworking-frameworks-${CONFIGURATION}-output-files.xcfilelist",
			);
			runOnlyForDeploymentPostprocessing = 0;
			shellPath = /bin/sh;
			shellScript = "\"${PODS_ROOT}/Target Support Files/Pods-AlamofireNetworking/Pods-AlamofireNetworking-frameworks.sh\"\n";
			showEnvVarsInLog = 0;
		};
		CD3DF37F14C8D0E66EC027B9 /* [CP] Check Pods Manifest.lock */ = {
			isa = PBXShellScriptBuildPhase;
			buildActionMask = 2147483647;
			files = (
			);
			inputFileListPaths = (
			);
			inputPaths = (
				"${PODS_PODFILE_DIR_PATH}/Podfile.lock",
				"${PODS_ROOT}/Manifest.lock",
			);
			name = "[CP] Check Pods Manifest.lock";
			outputFileListPaths = (
			);
			outputPaths = (
				"$(DERIVED_FILE_DIR)/Pods-AlamofireNetworking-checkManifestLockResult.txt",
			);
			runOnlyForDeploymentPostprocessing = 0;
			shellPath = /bin/sh;
			shellScript = "diff \"${PODS_PODFILE_DIR_PATH}/Podfile.lock\" \"${PODS_ROOT}/Manifest.lock\" > /dev/null\nif [ $? != 0 ] ; then\n    # print error to STDERR\n    echo \"error: The sandbox is not in sync with the Podfile.lock. Run 'pod install' or update your CocoaPods installation.\" >&2\n    exit 1\nfi\n# This output is used by Xcode 'outputs' to avoid re-running this script phase.\necho \"SUCCESS\" > \"${SCRIPT_OUTPUT_FILE_0}\"\n";
			showEnvVarsInLog = 0;
		};
/* End PBXShellScriptBuildPhase section */

/* Begin PBXSourcesBuildPhase section */
		8D484CC32548305A00A1AA8A /* Sources */ = {
			isa = PBXSourcesBuildPhase;
			buildActionMask = 2147483647;
			files = (
				8DA633472550590300E945D3 /* Router.swift in Sources */,
				8DDF6A2E254C2DF100F9C89B /* PhotoCollectionViewController.swift in Sources */,
				8D484CCF2548305A00A1AA8A /* HomeViewController.swift in Sources */,
				8DA63341255050EA00E945D3 /* BaseInterceptor.swift in Sources */,
				8DDF6A2A254C2DE000F9C89B /* UserListViewController.swift in Sources */,
				8D484CCB2548305A00A1AA8A /* AppDelegate.swift in Sources */,
				8DA633442550563000E945D3 /* Logger.swift in Sources */,
				8DA6333E2550500C00E945D3 /* AlamofireManager.swift in Sources */,
				8D484CCD2548305A00A1AA8A /* SceneDelegate.swift in Sources */,
				8D2C01FD254C5D4A00F287ED /* BaseViewController.swift in Sources */,
				8D2C01F9254C5A6100F287ED /* Constants.swift in Sources */,
			);
			runOnlyForDeploymentPostprocessing = 0;
		};
/* End PBXSourcesBuildPhase section */

/* Begin PBXVariantGroup section */
		8D484CD02548305A00A1AA8A /* Main.storyboard */ = {
			isa = PBXVariantGroup;
			children = (
				8D484CD12548305A00A1AA8A /* Base */,
			);
			name = Main.storyboard;
			sourceTree = "<group>";
		};
		8D484CD52548305B00A1AA8A /* LaunchScreen.storyboard */ = {
			isa = PBXVariantGroup;
			children = (
				8D484CD62548305B00A1AA8A /* Base */,
			);
			name = LaunchScreen.storyboard;
			sourceTree = "<group>";
		};
/* End PBXVariantGroup section */

/* Begin XCBuildConfiguration section */
		8D484CD92548305B00A1AA8A /* Debug */ = {
			isa = XCBuildConfiguration;
			buildSettings = {
				ALWAYS_SEARCH_USER_PATHS = NO;
				CLANG_ANALYZER_NONNULL = YES;
				CLANG_ANALYZER_NUMBER_OBJECT_CONVERSION = YES_AGGRESSIVE;
				CLANG_CXX_LANGUAGE_STANDARD = "gnu++14";
				CLANG_CXX_LIBRARY = "libc++";
				CLANG_ENABLE_MODULES = YES;
				CLANG_ENABLE_OBJC_ARC = YES;
				CLANG_ENABLE_OBJC_WEAK = YES;
				CLANG_WARN_BLOCK_CAPTURE_AUTORELEASING = YES;
				CLANG_WARN_BOOL_CONVERSION = YES;
				CLANG_WARN_COMMA = YES;
				CLANG_WARN_CONSTANT_CONVERSION = YES;
				CLANG_WARN_DEPRECATED_OBJC_IMPLEMENTATIONS = YES;
				CLANG_WARN_DIRECT_OBJC_ISA_USAGE = YES_ERROR;
				CLANG_WARN_DOCUMENTATION_COMMENTS = YES;
				CLANG_WARN_EMPTY_BODY = YES;
				CLANG_WARN_ENUM_CONVERSION = YES;
				CLANG_WARN_INFINITE_RECURSION = YES;
				CLANG_WARN_INT_CONVERSION = YES;
				CLANG_WARN_NON_LITERAL_NULL_CONVERSION = YES;
				CLANG_WARN_OBJC_IMPLICIT_RETAIN_SELF = YES;
				CLANG_WARN_OBJC_LITERAL_CONVERSION = YES;
				CLANG_WARN_OBJC_ROOT_CLASS = YES_ERROR;
				CLANG_WARN_QUOTED_INCLUDE_IN_FRAMEWORK_HEADER = YES;
				CLANG_WARN_RANGE_LOOP_ANALYSIS = YES;
				CLANG_WARN_STRICT_PROTOTYPES = YES;
				CLANG_WARN_SUSPICIOUS_MOVE = YES;
				CLANG_WARN_UNGUARDED_AVAILABILITY = YES_AGGRESSIVE;
				CLANG_WARN_UNREACHABLE_CODE = YES;
				CLANG_WARN__DUPLICATE_METHOD_MATCH = YES;
				COPY_PHASE_STRIP = NO;
				DEBUG_INFORMATION_FORMAT = dwarf;
				ENABLE_STRICT_OBJC_MSGSEND = YES;
				ENABLE_TESTABILITY = YES;
				GCC_C_LANGUAGE_STANDARD = gnu11;
				GCC_DYNAMIC_NO_PIC = NO;
				GCC_NO_COMMON_BLOCKS = YES;
				GCC_OPTIMIZATION_LEVEL = 0;
				GCC_PREPROCESSOR_DEFINITIONS = (
					"DEBUG=1",
					"$(inherited)",
				);
				GCC_WARN_64_TO_32_BIT_CONVERSION = YES;
				GCC_WARN_ABOUT_RETURN_TYPE = YES_ERROR;
				GCC_WARN_UNDECLARED_SELECTOR = YES;
				GCC_WARN_UNINITIALIZED_AUTOS = YES_AGGRESSIVE;
				GCC_WARN_UNUSED_FUNCTION = YES;
				GCC_WARN_UNUSED_VARIABLE = YES;
				IPHONEOS_DEPLOYMENT_TARGET = 14.1;
				MTL_ENABLE_DEBUG_INFO = INCLUDE_SOURCE;
				MTL_FAST_MATH = YES;
				ONLY_ACTIVE_ARCH = YES;
				SDKROOT = iphoneos;
				SWIFT_ACTIVE_COMPILATION_CONDITIONS = DEBUG;
				SWIFT_OPTIMIZATION_LEVEL = "-Onone";
			};
			name = Debug;
		};
		8D484CDA2548305B00A1AA8A /* Release */ = {
			isa = XCBuildConfiguration;
			buildSettings = {
				ALWAYS_SEARCH_USER_PATHS = NO;
				CLANG_ANALYZER_NONNULL = YES;
				CLANG_ANALYZER_NUMBER_OBJECT_CONVERSION = YES_AGGRESSIVE;
				CLANG_CXX_LANGUAGE_STANDARD = "gnu++14";
				CLANG_CXX_LIBRARY = "libc++";
				CLANG_ENABLE_MODULES = YES;
				CLANG_ENABLE_OBJC_ARC = YES;
				CLANG_ENABLE_OBJC_WEAK = YES;
				CLANG_WARN_BLOCK_CAPTURE_AUTORELEASING = YES;
				CLANG_WARN_BOOL_CONVERSION = YES;
				CLANG_WARN_COMMA = YES;
				CLANG_WARN_CONSTANT_CONVERSION = YES;
				CLANG_WARN_DEPRECATED_OBJC_IMPLEMENTATIONS = YES;
				CLANG_WARN_DIRECT_OBJC_ISA_USAGE = YES_ERROR;
				CLANG_WARN_DOCUMENTATION_COMMENTS = YES;
				CLANG_WARN_EMPTY_BODY = YES;
				CLANG_WARN_ENUM_CONVERSION = YES;
				CLANG_WARN_INFINITE_RECURSION = YES;
				CLANG_WARN_INT_CONVERSION = YES;
				CLANG_WARN_NON_LITERAL_NULL_CONVERSION = YES;
				CLANG_WARN_OBJC_IMPLICIT_RETAIN_SELF = YES;
				CLANG_WARN_OBJC_LITERAL_CONVERSION = YES;
				CLANG_WARN_OBJC_ROOT_CLASS = YES_ERROR;
				CLANG_WARN_QUOTED_INCLUDE_IN_FRAMEWORK_HEADER = YES;
				CLANG_WARN_RANGE_LOOP_ANALYSIS = YES;
				CLANG_WARN_STRICT_PROTOTYPES = YES;
				CLANG_WARN_SUSPICIOUS_MOVE = YES;
				CLANG_WARN_UNGUARDED_AVAILABILITY = YES_AGGRESSIVE;
				CLANG_WARN_UNREACHABLE_CODE = YES;
				CLANG_WARN__DUPLICATE_METHOD_MATCH = YES;
				COPY_PHASE_STRIP = NO;
				DEBUG_INFORMATION_FORMAT = "dwarf-with-dsym";
				ENABLE_NS_ASSERTIONS = NO;
				ENABLE_STRICT_OBJC_MSGSEND = YES;
				GCC_C_LANGUAGE_STANDARD = gnu11;
				GCC_NO_COMMON_BLOCKS = YES;
				GCC_WARN_64_TO_32_BIT_CONVERSION = YES;
				GCC_WARN_ABOUT_RETURN_TYPE = YES_ERROR;
				GCC_WARN_UNDECLARED_SELECTOR = YES;
				GCC_WARN_UNINITIALIZED_AUTOS = YES_AGGRESSIVE;
				GCC_WARN_UNUSED_FUNCTION = YES;
				GCC_WARN_UNUSED_VARIABLE = YES;
				IPHONEOS_DEPLOYMENT_TARGET = 14.1;
				MTL_ENABLE_DEBUG_INFO = NO;
				MTL_FAST_MATH = YES;
				SDKROOT = iphoneos;
				SWIFT_COMPILATION_MODE = wholemodule;
				SWIFT_OPTIMIZATION_LEVEL = "-O";
				VALIDATE_PRODUCT = YES;
			};
			name = Release;
		};
		8D484CDC2548305B00A1AA8A /* Debug */ = {
			isa = XCBuildConfiguration;
			baseConfigurationReference = B036D70CC9D045BF70B7A4B4 /* Pods-AlamofireNetworking.debug.xcconfig */;
			buildSettings = {
				ASSETCATALOG_COMPILER_APPICON_NAME = AppIcon;
				ASSETCATALOG_COMPILER_GLOBAL_ACCENT_COLOR_NAME = AccentColor;
				CODE_SIGN_STYLE = Automatic;
				DEVELOPMENT_TEAM = K8BMPHTXSP;
				INFOPLIST_FILE = AlamofireNetworking/Info.plist;
				LD_RUNPATH_SEARCH_PATHS = (
					"$(inherited)",
					"@executable_path/Frameworks",
				);
				PRODUCT_BUNDLE_IDENTIFIER = com.younoah.AlamofireNetworking;
				PRODUCT_NAME = "$(TARGET_NAME)";
				SWIFT_VERSION = 5.0;
				TARGETED_DEVICE_FAMILY = "1,2";
			};
			name = Debug;
		};
		8D484CDD2548305B00A1AA8A /* Release */ = {
			isa = XCBuildConfiguration;
			baseConfigurationReference = F9318D61E4C932F4C5F9FAD9 /* Pods-AlamofireNetworking.release.xcconfig */;
			buildSettings = {
				ASSETCATALOG_COMPILER_APPICON_NAME = AppIcon;
				ASSETCATALOG_COMPILER_GLOBAL_ACCENT_COLOR_NAME = AccentColor;
				CODE_SIGN_STYLE = Automatic;
				DEVELOPMENT_TEAM = K8BMPHTXSP;
				INFOPLIST_FILE = AlamofireNetworking/Info.plist;
				LD_RUNPATH_SEARCH_PATHS = (
					"$(inherited)",
					"@executable_path/Frameworks",
				);
				PRODUCT_BUNDLE_IDENTIFIER = com.younoah.AlamofireNetworking;
				PRODUCT_NAME = "$(TARGET_NAME)";
				SWIFT_VERSION = 5.0;
				TARGETED_DEVICE_FAMILY = "1,2";
			};
			name = Release;
		};
/* End XCBuildConfiguration section */

/* Begin XCConfigurationList section */
		8D484CC22548305A00A1AA8A /* Build configuration list for PBXProject "AlamofireNetworking" */ = {
			isa = XCConfigurationList;
			buildConfigurations = (
				8D484CD92548305B00A1AA8A /* Debug */,
				8D484CDA2548305B00A1AA8A /* Release */,
			);
			defaultConfigurationIsVisible = 0;
			defaultConfigurationName = Release;
		};
		8D484CDB2548305B00A1AA8A /* Build configuration list for PBXNativeTarget "AlamofireNetworking" */ = {
			isa = XCConfigurationList;
			buildConfigurations = (
				8D484CDC2548305B00A1AA8A /* Debug */,
				8D484CDD2548305B00A1AA8A /* Release */,
			);
			defaultConfigurationIsVisible = 0;
			defaultConfigurationName = Release;
		};
/* End XCConfigurationList section */

/* Begin XCRemoteSwiftPackageReference section */
		8D484CDF2548311E00A1AA8A /* XCRemoteSwiftPackageReference "Alamofire" */ = {
			isa = XCRemoteSwiftPackageReference;
			repositoryURL = "https://github.com/Alamofire/Alamofire.git";
			requirement = {
				kind = upToNextMajorVersion;
				minimumVersion = 5.2.0;
			};
		};
/* End XCRemoteSwiftPackageReference section */

/* Begin XCSwiftPackageProductDependency section */
		8D484CE02548311E00A1AA8A /* Alamofire */ = {
			isa = XCSwiftPackageProductDependency;
			package = 8D484CDF2548311E00A1AA8A /* XCRemoteSwiftPackageReference "Alamofire" */;
			productName = Alamofire;
		};
/* End XCSwiftPackageProductDependency section */
	};
	rootObject = 8D484CBF2548305A00A1AA8A /* Project object */;
}
